{
  "name": "twigjs",
  "version": "1.0.0",
  "lockfileVersion": 2,
  "requires": true,
  "packages": {
    "": {
      "name": "twigjs",
      "version": "1.0.0",
      "license": "ISC",
      "dependencies": {
        "common-tags": "^1.8.0",
        "eris": "^0.15.1",
        "pluris": "^0.3.7"
      }
    },
    "node_modules/common-tags": {
      "version": "1.8.0",
      "resolved": "https://registry.npmjs.org/common-tags/-/common-tags-1.8.0.tgz",
      "integrity": "sha512-6P6g0uetGpW/sdyUy/iQQCbFF0kWVMSIVSyYz7Zgjcgh8mgw8PQzDNZeyZ5DQ2gM7LBoZPHmnjz8rUthkBG5tw==",
      "engines": {
        "node": ">=4.0.0"
      }
    },
    "node_modules/eris": {
      "version": "0.15.1",
      "resolved": "https://registry.npmjs.org/eris/-/eris-0.15.1.tgz",
      "integrity": "sha512-IQ3BPW6OjgFoqjdh+irPOa1jFlkotk+WNu2GQQ7QAQfbzQEPZgn+F+hpOxfMUXPHOZMX4sPKLkVDkMHAssBYhw==",
      "dependencies": {
        "ws": "^7.2.1"
      },
      "engines": {
        "node": ">=10.4.0"
      },
      "optionalDependencies": {
        "opusscript": "^0.0.8",
        "tweetnacl": "^1.0.1"
      }
    },
    "node_modules/eris-reactions": {
      "version": "0.1.4",
      "resolved": "https://registry.npmjs.org/eris-reactions/-/eris-reactions-0.1.4.tgz",
      "integrity": "sha512-U2rMtfywnhh4TmqFcF7uo/ciyQN8vb9ptwSJMQs/uaY1a401f+t3sei1R3IR2gYqaFejJzgjTmzBMT6jIBPYYQ==",
      "optional": true
    },
    "node_modules/opusscript": {
      "version": "0.0.8",
      "resolved": "https://registry.npmjs.org/opusscript/-/opusscript-0.0.8.tgz",
      "integrity": "sha512-VSTi1aWFuCkRCVq+tx/BQ5q9fMnQ9pVZ3JU4UHKqTkf0ED3fKEPdr+gKAAl3IA2hj9rrP6iyq3hlcJq3HELtNQ==",
      "optional": true
    },
    "node_modules/pluris": {
      "version": "0.3.7",
      "resolved": "https://registry.npmjs.org/pluris/-/pluris-0.3.7.tgz",
      "integrity": "sha512-YpWpL7XOLizpp7760RyT21aVrZFvxgPHvBB+bsWJq9FWmEH8ush+vHg/M6jLtxqLpnxALoWTOer/jcXCCu+w5Q==",
      "dependencies": {
        "eris": "^0.15.1"
      },
      "optionalDependencies": {
        "eris-reactions": "^0.1.2"
      },
      "peerDependencies": {
        "eris": ">=0.15.0"
      }
    },
    "node_modules/tweetnacl": {
      "version": "1.0.3",
      "resolved": "https://registry.npmjs.org/tweetnacl/-/tweetnacl-1.0.3.tgz",
      "integrity": "sha512-6rt+RN7aOi1nGMyC4Xa5DdYiukl2UWCbcJft7YhxReBGQD7OAM8Pbxw6YMo4r2diNEA8FEmu32YOn9rhaiE5yw==",
      "optional": true
    },
    "node_modules/ws": {
      "version": "7.5.5",
      "resolved": "https://registry.npmjs.org/ws/-/ws-7.5.5.tgz",
      "integrity": "sha512-BAkMFcAzl8as1G/hArkxOxq3G7pjUqQ3gzYbLL0/5zNkph70e+lCoxBGnm6AW1+/aiNeV4fnKqZ8m4GZewmH2w==",
      "engines": {
        "node": ">=8.3.0"
      },
      "peerDependencies": {
        "bufferutil": "^4.0.1",
        "utf-8-validate": "^5.0.2"
      },
      "peerDependenciesMeta": {
        "bufferutil": {
          "optional": true
        },
        "utf-8-validate": {
          "optional": true
        }
      }
    }
  },
  "dependencies": {
    "common-tags": {
      "version": "1.8.0",
      "resolved": "https://registry.npmjs.org/common-tags/-/common-tags-1.8.0.tgz",
      "integrity": "sha512-6P6g0uetGpW/sdyUy/iQQCbFF0kWVMSIVSyYz7Zgjcgh8mgw8PQzDNZeyZ5DQ2gM7LBoZPHmnjz8rUthkBG5tw=="
    },
    "eris": {
      "version": "0.15.1",
      "resolved": "https://registry.npmjs.org/eris/-/eris-0.15.1.tgz",
      "integrity": "sha512-IQ3BPW6OjgFoqjdh+irPOa1jFlkotk+WNu2GQQ7QAQfbzQEPZgn+F+hpOxfMUXPHOZMX4sPKLkVDkMHAssBYhw==",
      "requires": {
        "opusscript": "^0.0.8",
        "tweetnacl": "^1.0.1",
        "ws": "^7.2.1"
      }
    },
    "eris-reactions": {
      "version": "0.1.4",
      "resolved": "https://registry.npmjs.org/eris-reactions/-/eris-reactions-0.1.4.tgz",
      "integrity": "sha512-U2rMtfywnhh4TmqFcF7uo/ciyQN8vb9ptwSJMQs/uaY1a401f+t3sei1R3IR2gYqaFejJzgjTmzBMT6jIBPYYQ==",
      "optional": true
    },
    "opusscript": {
      "version": "0.0.8",
      "resolved": "https://registry.npmjs.org/opusscript/-/opusscript-0.0.8.tgz",
      "integrity": "sha512-VSTi1aWFuCkRCVq+tx/BQ5q9fMnQ9pVZ3JU4UHKqTkf0ED3fKEPdr+gKAAl3IA2hj9rrP6iyq3hlcJq3HELtNQ==",
      "optional": true
    },
    "pluris": {
      "version": "0.3.7",
      "resolved": "https://registry.npmjs.org/pluris/-/pluris-0.3.7.tgz",
      "integrity": "sha512-YpWpL7XOLizpp7760RyT21aVrZFvxgPHvBB+bsWJq9FWmEH8ush+vHg/M6jLtxqLpnxALoWTOer/jcXCCu+w5Q==",
      "requires": {
        "eris": "^0.15.1",
        "eris-reactions": "^0.1.2"
      }
    },
    "tweetnacl": {
      "version": "1.0.3",
      "resolved": "https://registry.npmjs.org/tweetnacl/-/tweetnacl-1.0.3.tgz",
      "integrity": "sha512-6rt+RN7aOi1nGMyC4Xa5DdYiukl2UWCbcJft7YhxReBGQD7OAM8Pbxw6YMo4r2diNEA8FEmu32YOn9rhaiE5yw==",
      "optional": true
    },
    "ws": {
      "version": "7.5.5",
      "resolved": "https://registry.npmjs.org/ws/-/ws-7.5.5.tgz",
      "integrity": "sha512-BAkMFcAzl8as1G/hArkxOxq3G7pjUqQ3gzYbLL0/5zNkph70e+lCoxBGnm6AW1+/aiNeV4fnKqZ8m4GZewmH2w==",
      "requires": {}
    }
  }
}
